github.com/abadojack/whatlanggo v1.0.1 h1:19N6YogDnf71CTHm3Mp2qhYfkRdyvbgwWdd2EPxJRG4=
github.com/abadojack/whatlanggo v1.0.1/go.mod h1:66WiQbSbJBIlOZMsvbKe5m6pzQovxCH9B/K8tQB2uoc=
github.com/andybalholm/brotli v1.0.5 h1:8uQZIdzKmjc/iuPu7O2ioW48L81FgatrcpfFmiq/cCs=
github.com/andybalholm/brotli v1.0.5/go.mod h1:fO7iG3H7G2nSZ7m0zPUDn85XEX2GTukHGRSepvi9Eig=
github.com/mattn/go-sqlite3 v1.14.22 h1:2gZY6PC6kBnID23Tichd1K+Z0oS6nE/XwU+Vz/5o4kU=
github.com/mattn/go-sqlite3 v1.14.22/go.mod h1:Uh1q+B4BYcTPb+yiD3kU8Ct7aC0hY9fxUwlHK0RXw+Y=
github.com/nalgeon/redka v0.5.1 h1:ov+Qpxp+IJYhH+CvMJ3YpFfsZl6KfuOAr9OXn4MODCU=
github.com/nalgeon/redka v0.5.1/go.mod h1:vLxjY3XS9IwBID2YEFWeeMiN4Ar/DtKd4JW62JTAxuU=
github.com/tidwall/gjson v1.14.3 h1:9jvXn7olKEHU1S9vwoMGliaT8jq1vJ7IH/n9zD9Dnlw=
github.com/tidwall/gjson v1.14.3/go.mod h1:/wbyibRr2FHMks5tjHJ5F8dMZh3AcwJEMf5vlfC0lxk=
github.com/tidwall/match v1.1.1 h1:+Ho715JplO36QYgwN9PGYNhgZvoUSc9X2c80KVTi+GA=
github.com/tidwall/match v1.1.1/go.mod h1:eRSPERbgtNPcGhD8UCthc6PmLEQXEWd3PRB5JTxsfmM=
github.com/tidwall/pretty v1.2.0 h1:RWIZEg2iJ8/g6fDDYzMpobmaoGh5OLl4AXtGUGPcqCs=
github.com/tidwall/pretty v1.2.0/go.mod h1:ITEVvHYasfjBbM0u2Pg8T2nJnzm8xPwvNhhsoaGGjNU=
github.com/zhangyiming748/DeepLX v0.0.1 h1:47aylhK4XPRLn6JIu5XUwMGUKjz6n6jfZFUqaQSeyZM=
github.com/zhangyiming748/DeepLX v0.0.1/go.mod h1:zzEiUciBGmqfsMaY+hEZ8tGrV143+E4jLmWNNIZIQHE=
github.com/zhangyiming748/lumberjack v0.0.1 h1:/r1XMBfGVZ/ZrRU56vl0aKeVddidi3388ETLLCWxoW4=
github.com/zhangyiming748/lumberjack v0.0.1/go.mod h1:11eemyl+ecJVHsV0uA62hHy+geuwthU0Y2owuM9TXdI=
